
Microsoft Visual Studio Solution File, Format Version 12.00
# Visual Studio Version 17
VisualStudioVersion = 17.5.33424.131
MinimumVisualStudioVersion = 10.0.40219.1
Project("{9A19103F-16F7-4668-BE54-9A1E7A4F7556}") = "CalculatorApplication", "CalculatorApplication\CalculatorApplication.csproj", "{4D577B49-DEB5-4374-8A76-B04F4776A3AC}"
EndProject
Project("{2150E333-8FDC-42A3-9474-1A3956D46DE8}") = "Solution Items", "Solution Items", "{5F4C2306-2AEC-46E1-98B9-A4C634DA89B8}"
	ProjectSection(SolutionItems) = preProject
		.editorconfig = .editorconfig
	EndProjectSection
EndProject
Global
	GlobalSection(SolutionConfigurationPlatforms) = preSolution
		Debug|Any CPU = Debug|Any CPU
		Release|Any CPU = Release|Any CPU
	EndGlobalSection
	GlobalSection(ProjectConfigurationPlatforms) = postSolution
		{4D577B49-DEB5-4374-8A76-B04F4776A3AC}.Debug|Any CPU.ActiveCfg = Debug|Any CPU
		{4D577B49-DEB5-4374-8A76-B04F4776A3AC}.Debug|Any CPU.Build.0 = Debug|Any CPU
		{4D577B49-DEB5-4374-8A76-B04F4776A3AC}.Release|Any CPU.ActiveCfg = Release|Any CPU
		{4D577B49-DEB5-4374-8A76-B04F4776A3AC}.Release|Any CPU.Build.0 = Release|Any CPU
	EndGlobalSection
	GlobalSection(SolutionProperties) = preSolution
		HideSolutionNode = FALSE
	EndGlobalSection
	GlobalSection(ExtensibilityGlobals) = postSolution
		SolutionGuid = {A0200843-7216-488F-A5FA-4B4F9587D0E6}
	EndGlobalSection
EndGlobal
